
Microsoft Visual Studio Solution File, Format Version 12.00
Project("{FAE04EC0-301F-11D3-BF4B-00C04F79EFBC}") = "AIO.Web.API", "src\API\AIO.Web.API\AIO.Web.API.csproj", "{E178E55B-CB8A-4D93-9CE1-EC4C273E797D}"
EndProject
Project("{2150E333-8FDC-42A3-9474-1A3956D46DE8}") = "src", "src", "{56FE368B-0D81-4904-8EF3-BCD5208BD738}"
EndProject
Project("{2150E333-8FDC-42A3-9474-1A3956D46DE8}") = "API", "API", "{82109CEC-076C-44FC-B0AB-B12CDE51B61C}"
EndProject
Project("{2150E333-8FDC-42A3-9474-1A3956D46DE8}") = "Core", "Core", "{FD5F69E8-D060-4F14-BDE3-A98A52ED938F}"
EndProject
Project("{2150E333-8FDC-42A3-9474-1A3956D46DE8}") = "Infrastructure", "Infrastructure", "{F3DC99D2-8EFE-48C7-B957-89A8E208A62B}"
EndProject
Project("{2150E333-8FDC-42A3-9474-1A3956D46DE8}") = "Solution Items", "Solution Items", "{7E1936FB-33CE-4CF2-9560-1BBAAAF5ED40}"
	ProjectSection(SolutionItems) = preProject
		.editorconfig = .editorconfig
		.gitignore = .gitignore
		CHANGELOG.md = CHANGELOG.md
		docker-compose.yml = docker-compose.yml
		nuget.config = nuget.config
		README.md = README.md
		LICENSE = LICENSE
	EndProjectSection
EndProject
Project("{FAE04EC0-301F-11D3-BF4B-00C04F79EFBC}") = "AIO.Domain", "src\Core\AIO.Domain\AIO.Domain.csproj", "{D5ADA621-A1A9-496B-AA21-7D5924E9B00B}"
EndProject
Project("{FAE04EC0-301F-11D3-BF4B-00C04F79EFBC}") = "AIO.Application", "src\Core\AIO.Application\AIO.Application.csproj", "{EDE19A14-9DE1-427B-A555-5CDA31BD5DD5}"
EndProject
Project("{FAE04EC0-301F-11D3-BF4B-00C04F79EFBC}") = "AIO.Infrastructure.Persistence", "src\Infrastructure\AIO.Infrastructure.Persistence\AIO.Infrastructure.Persistence.csproj", "{8CBB1488-7921-4418-9395-ACF1BBBCD17F}"
EndProject
Project("{FAE04EC0-301F-11D3-BF4B-00C04F79EFBC}") = "AIO.WebFramework", "src\API\AIO.WebFramework\AIO.WebFramework.csproj", "{7227AEA8-C573-42C4-A3CE-E61527841656}"
EndProject
Project("{FAE04EC0-301F-11D3-BF4B-00C04F79EFBC}") = "AIO.SharedKernel", "src\Shared\AIO.SharedKernel\AIO.SharedKernel.csproj", "{97CD94CF-E6ED-49C3-A39C-3F40A0B8DD5D}"
EndProject

Global
	GlobalSection(SolutionConfigurationPlatforms) = preSolution
		Debug|Any CPU = Debug|Any CPU
		Release|Any CPU = Release|Any CPU
	EndGlobalSection
	GlobalSection(ProjectConfigurationPlatforms) = postSolution
		{E178E55B-CB8A-4D93-9CE1-EC4C273E797D}.Debug|Any CPU.ActiveCfg = Debug|Any CPU
		{E178E55B-CB8A-4D93-9CE1-EC4C273E797D}.Debug|Any CPU.Build.0 = Debug|Any CPU
		{E178E55B-CB8A-4D93-9CE1-EC4C273E797D}.Release|Any CPU.ActiveCfg = Release|Any CPU
		{E178E55B-CB8A-4D93-9CE1-EC4C273E797D}.Release|Any CPU.Build.0 = Release|Any CPU
		{D5ADA621-A1A9-496B-AA21-7D5924E9B00B}.Debug|Any CPU.ActiveCfg = Debug|Any CPU
		{D5ADA621-A1A9-496B-AA21-7D5924E9B00B}.Debug|Any CPU.Build.0 = Debug|Any CPU
		{D5ADA621-A1A9-496B-AA21-7D5924E9B00B}.Release|Any CPU.ActiveCfg = Release|Any CPU
		{D5ADA621-A1A9-496B-AA21-7D5924E9B00B}.Release|Any CPU.Build.0 = Release|Any CPU
		{EDE19A14-9DE1-427B-A555-5CDA31BD5DD5}.Debug|Any CPU.ActiveCfg = Debug|Any CPU
		{EDE19A14-9DE1-427B-A555-5CDA31BD5DD5}.Debug|Any CPU.Build.0 = Debug|Any CPU
		{EDE19A14-9DE1-427B-A555-5CDA31BD5DD5}.Release|Any CPU.ActiveCfg = Release|Any CPU
		{EDE19A14-9DE1-427B-A555-5CDA31BD5DD5}.Release|Any CPU.Build.0 = Release|Any CPU
		{8CBB1488-7921-4418-9395-ACF1BBBCD17F}.Debug|Any CPU.ActiveCfg = Debug|Any CPU
		{8CBB1488-7921-4418-9395-ACF1BBBCD17F}.Debug|Any CPU.Build.0 = Debug|Any CPU
		{8CBB1488-7921-4418-9395-ACF1BBBCD17F}.Release|Any CPU.ActiveCfg = Release|Any CPU
		{8CBB1488-7921-4418-9395-ACF1BBBCD17F}.Release|Any CPU.Build.0 = Release|Any CPU
		{7227AEA8-C573-42C4-A3CE-E61527841656}.Debug|Any CPU.ActiveCfg = Debug|Any CPU
		{7227AEA8-C573-42C4-A3CE-E61527841656}.Debug|Any CPU.Build.0 = Debug|Any CPU
		{7227AEA8-C573-42C4-A3CE-E61527841656}.Release|Any CPU.ActiveCfg = Release|Any CPU
		{7227AEA8-C573-42C4-A3CE-E61527841656}.Release|Any CPU.Build.0 = Release|Any CPU
		{97CD94CF-E6ED-49C3-A39C-3F40A0B8DD5D}.Debug|Any CPU.ActiveCfg = Debug|Any CPU
		{97CD94CF-E6ED-49C3-A39C-3F40A0B8DD5D}.Debug|Any CPU.Build.0 = Debug|Any CPU
		{97CD94CF-E6ED-49C3-A39C-3F40A0B8DD5D}.Release|Any CPU.ActiveCfg = Release|Any CPU
		{97CD94CF-E6ED-49C3-A39C-3F40A0B8DD5D}.Release|Any CPU.Build.0 = Release|Any CPU
	EndGlobalSection
	GlobalSection(NestedProjects) = preSolution
		{E178E55B-CB8A-4D93-9CE1-EC4C273E797D} = {82109CEC-076C-44FC-B0AB-B12CDE51B61C}
		{D5ADA621-A1A9-496B-AA21-7D5924E9B00B} = {FD5F69E8-D060-4F14-BDE3-A98A52ED938F}
		{EDE19A14-9DE1-427B-A555-5CDA31BD5DD5} = {FD5F69E8-D060-4F14-BDE3-A98A52ED938F}
		{82109CEC-076C-44FC-B0AB-B12CDE51B61C} = {56FE368B-0D81-4904-8EF3-BCD5208BD738}
		{FD5F69E8-D060-4F14-BDE3-A98A52ED938F} = {56FE368B-0D81-4904-8EF3-BCD5208BD738}
		{8CBB1488-7921-4418-9395-ACF1BBBCD17F} = {F3DC99D2-8EFE-48C7-B957-89A8E208A62B}
		{F3DC99D2-8EFE-48C7-B957-89A8E208A62B} = {56FE368B-0D81-4904-8EF3-BCD5208BD738}
		{7227AEA8-C573-42C4-A3CE-E61527841656} = {82109CEC-076C-44FC-B0AB-B12CDE51B61C}
	EndGlobalSection
EndGlobal
